
Microsoft Visual Studio Solution File, Format Version 12.00
# Visual Studio Version 16
VisualStudioVersion = 16.0.29519.87
MinimumVisualStudioVersion = 10.0.40219.1
Project("{9A19103F-16F7-4668-BE54-9A1E7A4F7556}") = "ConsoleApp1", "ConsoleApp1.csproj", "{6B9B0907-2E45-435D-B218-7D64F19996D0}"
	ProjectSection(ProjectDependencies) = postProject
		{B2B6451D-4999-470F-ADCF-D21B584D30F8} = {B2B6451D-4999-470F-ADCF-D21B584D30F8}
	EndProjectSection
EndProject
Project("{FAE04EC0-301F-11D3-BF4B-00C04F79EFBC}") = "Componentes", "..\Componentes\Componentes.csproj", "{B2B6451D-4999-470F-ADCF-D21B584D30F8}"
EndProject
Global
	GlobalSection(SolutionConfigurationPlatforms) = preSolution
		Debug|Any CPU = Debug|Any CPU
		Release|Any CPU = Release|Any CPU
	EndGlobalSection
	GlobalSection(ProjectConfigurationPlatforms) = postSolution
		{6B9B0907-2E45-435D-B218-7D64F19996D0}.Debug|Any CPU.ActiveCfg = Debug|Any CPU
		{6B9B0907-2E45-435D-B218-7D64F19996D0}.Debug|Any CPU.Build.0 = Debug|Any CPU
		{6B9B0907-2E45-435D-B218-7D64F19996D0}.Release|Any CPU.ActiveCfg = Release|Any CPU
		{6B9B0907-2E45-435D-B218-7D64F19996D0}.Release|Any CPU.Build.0 = Release|Any CPU
		{B2B6451D-4999-470F-ADCF-D21B584D30F8}.Debug|Any CPU.ActiveCfg = Debug|Any CPU
		{B2B6451D-4999-470F-ADCF-D21B584D30F8}.Debug|Any CPU.Build.0 = Debug|Any CPU
		{B2B6451D-4999-470F-ADCF-D21B584D30F8}.Release|Any CPU.ActiveCfg = Release|Any CPU
		{B2B6451D-4999-470F-ADCF-D21B584D30F8}.Release|Any CPU.Build.0 = Release|Any CPU
	EndGlobalSection
	GlobalSection(SolutionProperties) = preSolution
		HideSolutionNode = FALSE
	EndGlobalSection
	GlobalSection(ExtensibilityGlobals) = postSolution
		SolutionGuid = {544E16F4-78C0-4E7C-BBC0-D7C588712244}
	EndGlobalSection
EndGlobal
